// !$*UTF8*$!
{
	archiveVersion = 1;
	classes = {
	};
	objectVersion = 50;
	objects = {

/* Begin PBXBuildFile section */
		E796193D24910968008B41D7 /* AppDelegate.swift in Sources */ = {isa = PBXBuildFile; fileRef = E796193C24910968008B41D7 /* AppDelegate.swift */; };
		E796193F24910968008B41D7 /* SceneDelegate.swift in Sources */ = {isa = PBXBuildFile; fileRef = E796193E24910968008B41D7 /* SceneDelegate.swift */; };
		E796194424910968008B41D7 /* Main.storyboard in Resources */ = {isa = PBXBuildFile; fileRef = E796194224910968008B41D7 /* Main.storyboard */; };
		E79619462491096B008B41D7 /* Assets.xcassets in Resources */ = {isa = PBXBuildFile; fileRef = E79619452491096B008B41D7 /* Assets.xcassets */; };
		E79619492491096B008B41D7 /* LaunchScreen.storyboard in Resources */ = {isa = PBXBuildFile; fileRef = E79619472491096B008B41D7 /* LaunchScreen.storyboard */; };
		E7961951249109D7008B41D7 /* Person.swift in Sources */ = {isa = PBXBuildFile; fileRef = E7961950249109D7008B41D7 /* Person.swift */; };
		E7E941DF249283DC00FF08BF /* DataManager.swift in Sources */ = {isa = PBXBuildFile; fileRef = E7E941DE249283DC00FF08BF /* DataManager.swift */; };
		E7E941E12492868300FF08BF /* ContactsListTableViewController.swift in Sources */ = {isa = PBXBuildFile; fileRef = E7E941E02492868300FF08BF /* ContactsListTableViewController.swift */; };
		E7E941E324928D8200FF08BF /* ContactInformationListViewController.swift in Sources */ = {isa = PBXBuildFile; fileRef = E7E941E224928D8200FF08BF /* ContactInformationListViewController.swift */; };
/* End PBXBuildFile section */

/* Begin PBXFileReference section */
		E796193924910968008B41D7 /* PersonsListApp.app */ = {isa = PBXFileReference; explicitFileType = wrapper.application; includeInIndex = 0; path = PersonsListApp.app; sourceTree = BUILT_PRODUCTS_DIR; };
		E796193C24910968008B41D7 /* AppDelegate.swift */ = {isa = PBXFileReference; lastKnownFileType = sourcecode.swift; path = AppDelegate.swift; sourceTree = "<group>"; };
		E796193E24910968008B41D7 /* SceneDelegate.swift */ = {isa = PBXFileReference; lastKnownFileType = sourcecode.swift; path = SceneDelegate.swift; sourceTree = "<group>"; };
		E796194324910968008B41D7 /* Base */ = {isa = PBXFileReference; lastKnownFileType = file.storyboard; name = Base; path = Base.lproj/Main.storyboard; sourceTree = "<group>"; };
		E79619452491096B008B41D7 /* Assets.xcassets */ = {isa = PBXFileReference; lastKnownFileType = folder.assetcatalog; path = Assets.xcassets; sourceTree = "<group>"; };
		E79619482491096B008B41D7 /* Base */ = {isa = PBXFileReference; lastKnownFileType = file.storyboard; name = Base; path = Base.lproj/LaunchScreen.storyboard; sourceTree = "<group>"; };
		E796194A2491096B008B41D7 /* Info.plist */ = {isa = PBXFileReference; lastKnownFileType = text.plist.xml; path = Info.plist; sourceTree = "<group>"; };
		E7961950249109D7008B41D7 /* Person.swift */ = {isa = PBXFileReference; lastKnownFileType = sourcecode.swift; path = Person.swift; sourceTree = "<group>"; };
		E7E941DE249283DC00FF08BF /* DataManager.swift */ = {isa = PBXFileReference; lastKnownFileType = sourcecode.swift; path = DataManager.swift; sourceTree = "<group>"; };
		E7E941E02492868300FF08BF /* ContactsListTableViewController.swift */ = {isa = PBXFileReference; lastKnownFileType = sourcecode.swift; path = ContactsListTableViewController.swift; sourceTree = "<group>"; };
		E7E941E224928D8200FF08BF /* ContactInformationListViewController.swift */ = {isa = PBXFileReference; lastKnownFileType = sourcecode.swift; path = ContactInformationListViewController.swift; sourceTree = "<group>"; };
/* End PBXFileReference section */

/* Begin PBXFrameworksBuildPhase section */
		E796193624910968008B41D7 /* Frameworks */ = {
			isa = PBXFrameworksBuildPhase;
			buildActionMask = 2147483647;
			files = (
			);
			runOnlyForDeploymentPostprocessing = 0;
		};
/* End PBXFrameworksBuildPhase section */

/* Begin PBXGroup section */
		E796193024910968008B41D7 = {
			isa = PBXGroup;
			children = (
				E796193B24910968008B41D7 /* PersonsListApp */,
				E796193A24910968008B41D7 /* Products */,
			);
			sourceTree = "<group>";
		};
		E796193A24910968008B41D7 /* Products */ = {
			isa = PBXGroup;
			children = (
				E796193924910968008B41D7 /* PersonsListApp.app */,
			);
			name = Products;
			sourceTree = "<group>";
		};
		E796193B24910968008B41D7 /* PersonsListApp */ = {
			isa = PBXGroup;
			children = (
				E796193C24910968008B41D7 /* AppDelegate.swift */,
				E796193E24910968008B41D7 /* SceneDelegate.swift */,
				E796194224910968008B41D7 /* Main.storyboard */,
				E7E941E424928D8F00FF08BF /* View Controllers */,
				E7961952249109EA008B41D7 /* Models */,
				E79619452491096B008B41D7 /* Assets.xcassets */,
				E79619472491096B008B41D7 /* LaunchScreen.storyboard */,
				E796194A2491096B008B41D7 /* Info.plist */,
			);
			path = PersonsListApp;
			sourceTree = "<group>";
		};
		E7961952249109EA008B41D7 /* Models */ = {
			isa = PBXGroup;
			children = (
				E7961950249109D7008B41D7 /* Person.swift */,
				E7E941DE249283DC00FF08BF /* DataManager.swift */,
			);
			path = Models;
			sourceTree = "<group>";
		};
		E7E941E424928D8F00FF08BF /* View Controllers */ = {
			isa = PBXGroup;
			children = (
				E7E941E02492868300FF08BF /* ContactsListTableViewController.swift */,
				E7E941E224928D8200FF08BF /* ContactInformationListViewController.swift */,
			);
			path = "View Controllers";
			sourceTree = "<group>";
		};
/* End PBXGroup section */

/* Begin PBXNativeTarget section */
		E796193824910968008B41D7 /* PersonsListApp */ = {
			isa = PBXNativeTarget;
			buildConfigurationList = E796194D2491096B008B41D7 /* Build configuration list for PBXNativeTarget "PersonsListApp" */;
			buildPhases = (
				E796193524910968008B41D7 /* Sources */,
				E796193624910968008B41D7 /* Frameworks */,
				E796193724910968008B41D7 /* Resources */,
			);
			buildRules = (
			);
			dependencies = (
			);
			name = PersonsListApp;
			productName = PersonsListApp;
			productReference = E796193924910968008B41D7 /* PersonsListApp.app */;
			productType = "com.apple.product-type.application";
		};
/* End PBXNativeTarget section */

/* Begin PBXProject section */
		E796193124910968008B41D7 /* Project object */ = {
			isa = PBXProject;
			attributes = {
				LastSwiftUpdateCheck = 1140;
				LastUpgradeCheck = 1140;
				ORGANIZATIONNAME = Kirill_Presnyakov;
				TargetAttributes = {
					E796193824910968008B41D7 = {
						CreatedOnToolsVersion = 11.4.1;
					};
				};
			};
			buildConfigurationList = E796193424910968008B41D7 /* Build configuration list for PBXProject "PersonsListApp" */;
			compatibilityVersion = "Xcode 9.3";
			developmentRegion = en;
			hasScannedForEncodings = 0;
			knownRegions = (
				en,
				Base,
			);
			mainGroup = E796193024910968008B41D7;
			productRefGroup = E796193A24910968008B41D7 /* Products */;
			projectDirPath = "";
			projectRoot = "";
			targets = (
				E796193824910968008B41D7 /* PersonsListApp */,
			);
		};
/* End PBXProject section */

/* Begin PBXResourcesBuildPhase section */
		E796193724910968008B41D7 /* Resources */ = {
			isa = PBXResourcesBuildPhase;
			buildActionMask = 2147483647;
			files = (
				E79619492491096B008B41D7 /* LaunchScreen.storyboard in Resources */,
				E79619462491096B008B41D7 /* Assets.xcassets in Resources */,
				E796194424910968008B41D7 /* Main.storyboard in Resources */,
			);
			runOnlyForDeploymentPostprocessing = 0;
		};
/* End PBXResourcesBuildPhase section */

/* Begin PBXSourcesBuildPhase section */
		E796193524910968008B41D7 /* Sources */ = {
			isa = PBXSourcesBuildPhase;
			buildActionMask = 2147483647;
			files = (
				E7E941DF249283DC00FF08BF /* DataManager.swift in Sources */,
				E796193D24910968008B41D7 /* AppDelegate.swift in Sources */,
				E7961951249109D7008B41D7 /* Person.swift in Sources */,
				E7E941E12492868300FF08BF /* ContactsListTableViewController.swift in Sources */,
				E7E941E324928D8200FF08BF /* ContactInformationListViewController.swift in Sources */,
				E796193F24910968008B41D7 /* SceneDelegate.swift in Sources */,
			);
			runOnlyForDeploymentPostprocessing = 0;
		};
/* End PBXSourcesBuildPhase section */

/* Begin PBXVariantGroup section */
		E796194224910968008B41D7 /* Main.storyboard */ = {
			isa = PBXVariantGroup;
			children = (
				E796194324910968008B41D7 /* Base */,
			);
			name = Main.storyboard;
			sourceTree = "<group>";
		};
		E79619472491096B008B41D7 /* LaunchScreen.storyboard */ = {
			isa = PBXVariantGroup;
			children = (
				E79619482491096B008B41D7 /* Base */,
			);
			name = LaunchScreen.storyboard;
			sourceTree = "<group>";
		};
/* End PBXVariantGroup section */

/* Begin XCBuildConfiguration section */
		E796194B2491096B008B41D7 /* Debug */ = {
			isa = XCBuildConfiguration;
			buildSettings = {
				ALWAYS_SEARCH_USER_PATHS = NO;
				CLANG_ANALYZER_NONNULL = YES;
				CLANG_ANALYZER_NUMBER_OBJECT_CONVERSION = YES_AGGRESSIVE;
				CLANG_CXX_LANGUAGE_STANDARD = "gnu++14";
				CLANG_CXX_LIBRARY = "libc++";
				CLANG_ENABLE_MODULES = YES;
				CLANG_ENABLE_OBJC_ARC = YES;
				CLANG_ENABLE_OBJC_WEAK = YES;
				CLANG_WARN_BLOCK_CAPTURE_AUTORELEASING = YES;
				CLANG_WARN_BOOL_CONVERSION = YES;
				CLANG_WARN_COMMA = YES;
				CLANG_WARN_CONSTANT_CONVERSION = YES;
				CLANG_WARN_DEPRECATED_OBJC_IMPLEMENTATIONS = YES;
				CLANG_WARN_DIRECT_OBJC_ISA_USAGE = YES_ERROR;
				CLANG_WARN_DOCUMENTATION_COMMENTS = YES;
				CLANG_WARN_EMPTY_BODY = YES;
				CLANG_WARN_ENUM_CONVERSION = YES;
				CLANG_WARN_INFINITE_RECURSION = YES;
				CLANG_WARN_INT_CONVERSION = YES;
				CLANG_WARN_NON_LITERAL_NULL_CONVERSION = YES;
				CLANG_WARN_OBJC_IMPLICIT_RETAIN_SELF = YES;
				CLANG_WARN_OBJC_LITERAL_CONVERSION = YES;
				CLANG_WARN_OBJC_ROOT_CLASS = YES_ERROR;
				CLANG_WARN_RANGE_LOOP_ANALYSIS = YES;
				CLANG_WARN_STRICT_PROTOTYPES = YES;
				CLANG_WARN_SUSPICIOUS_MOVE = YES;
				CLANG_WARN_UNGUARDED_AVAILABILITY = YES_AGGRESSIVE;
				CLANG_WARN_UNREACHABLE_CODE = YES;
				CLANG_WARN__DUPLICATE_METHOD_MATCH = YES;
				COPY_PHASE_STRIP = NO;
				DEBUG_INFORMATION_FORMAT = dwarf;
				ENABLE_STRICT_OBJC_MSGSEND = YES;
				ENABLE_TESTABILITY = YES;
				GCC_C_LANGUAGE_STANDARD = gnu11;
				GCC_DYNAMIC_NO_PIC = NO;
				GCC_NO_COMMON_BLOCKS = YES;
				GCC_OPTIMIZATION_LEVEL = 0;
				GCC_PREPROCESSOR_DEFINITIONS = (
					"DEBUG=1",
					"$(inherited)",
				);
				GCC_WARN_64_TO_32_BIT_CONVERSION = YES;
				GCC_WARN_ABOUT_RETURN_TYPE = YES_ERROR;
				GCC_WARN_UNDECLARED_SELECTOR = YES;
				GCC_WARN_UNINITIALIZED_AUTOS = YES_AGGRESSIVE;
				GCC_WARN_UNUSED_FUNCTION = YES;
				GCC_WARN_UNUSED_VARIABLE = YES;
				IPHONEOS_DEPLOYMENT_TARGET = 13.4;
				MTL_ENABLE_DEBUG_INFO = INCLUDE_SOURCE;
				MTL_FAST_MATH = YES;
				ONLY_ACTIVE_ARCH = YES;
				SDKROOT = iphoneos;
				SWIFT_ACTIVE_COMPILATION_CONDITIONS = DEBUG;
				SWIFT_OPTIMIZATION_LEVEL = "-Onone";
			};
			name = Debug;
		};
		E796194C2491096B008B41D7 /* Release */ = {
			isa = XCBuildConfiguration;
			buildSettings = {
				ALWAYS_SEARCH_USER_PATHS = NO;
				CLANG_ANALYZER_NONNULL = YES;
				CLANG_ANALYZER_NUMBER_OBJECT_CONVERSION = YES_AGGRESSIVE;
				CLANG_CXX_LANGUAGE_STANDARD = "gnu++14";
				CLANG_CXX_LIBRARY = "libc++";
				CLANG_ENABLE_MODULES = YES;
				CLANG_ENABLE_OBJC_ARC = YES;
				CLANG_ENABLE_OBJC_WEAK = YES;
				CLANG_WARN_BLOCK_CAPTURE_AUTORELEASING = YES;
				CLANG_WARN_BOOL_CONVERSION = YES;
				CLANG_WARN_COMMA = YES;
				CLANG_WARN_CONSTANT_CONVERSION = YES;
				CLANG_WARN_DEPRECATED_OBJC_IMPLEMENTATIONS = YES;
				CLANG_WARN_DIRECT_OBJC_ISA_USAGE = YES_ERROR;
				CLANG_WARN_DOCUMENTATION_COMMENTS = YES;
				CLANG_WARN_EMPTY_BODY = YES;
				CLANG_WARN_ENUM_CONVERSION = YES;
				CLANG_WARN_INFINITE_RECURSION = YES;
				CLANG_WARN_INT_CONVERSION = YES;
				CLANG_WARN_NON_LITERAL_NULL_CONVERSION = YES;
				CLANG_WARN_OBJC_IMPLICIT_RETAIN_SELF = YES;
				CLANG_WARN_OBJC_LITERAL_CONVERSION = YES;
				CLANG_WARN_OBJC_ROOT_CLASS = YES_ERROR;
				CLANG_WARN_RANGE_LOOP_ANALYSIS = YES;
				CLANG_WARN_STRICT_PROTOTYPES = YES;
				CLANG_WARN_SUSPICIOUS_MOVE = YES;
				CLANG_WARN_UNGUARDED_AVAILABILITY = YES_AGGRESSIVE;
				CLANG_WARN_UNREACHABLE_CODE = YES;
				CLANG_WARN__DUPLICATE_METHOD_MATCH = YES;
				COPY_PHASE_STRIP = NO;
				DEBUG_INFORMATION_FORMAT = "dwarf-with-dsym";
				ENABLE_NS_ASSERTIONS = NO;
				ENABLE_STRICT_OBJC_MSGSEND = YES;
				GCC_C_LANGUAGE_STANDARD = gnu11;
				GCC_NO_COMMON_BLOCKS = YES;
				GCC_WARN_64_TO_32_BIT_CONVERSION = YES;
				GCC_WARN_ABOUT_RETURN_TYPE = YES_ERROR;
				GCC_WARN_UNDECLARED_SELECTOR = YES;
				GCC_WARN_UNINITIALIZED_AUTOS = YES_AGGRESSIVE;
				GCC_WARN_UNUSED_FUNCTION = YES;
				GCC_WARN_UNUSED_VARIABLE = YES;
				IPHONEOS_DEPLOYMENT_TARGET = 13.4;
				MTL_ENABLE_DEBUG_INFO = NO;
				MTL_FAST_MATH = YES;
				SDKROOT = iphoneos;
				SWIFT_COMPILATION_MODE = wholemodule;
				SWIFT_OPTIMIZATION_LEVEL = "-O";
				VALIDATE_PRODUCT = YES;
			};
			name = Release;
		};
		E796194E2491096B008B41D7 /* Debug */ = {
			isa = XCBuildConfiguration;
			buildSettings = {
				ASSETCATALOG_COMPILER_APPICON_NAME = AppIcon;
				CODE_SIGN_STYLE = Automatic;
				DEVELOPMENT_TEAM = VH9RU7S6TL;
				INFOPLIST_FILE = PersonsListApp/Info.plist;
				LD_RUNPATH_SEARCH_PATHS = (
					"$(inherited)",
					"@executable_path/Frameworks",
				);
				PRODUCT_BUNDLE_IDENTIFIER = ProjectDemo.PersonsListApp;
				PRODUCT_NAME = "$(TARGET_NAME)";
				SWIFT_VERSION = 5.0;
				TARGETED_DEVICE_FAMILY = "1,2";
			};
			name = Debug;
		};
		E796194F2491096B008B41D7 /* Release */ = {
			isa = XCBuildConfiguration;
			buildSettings = {
				ASSETCATALOG_COMPILER_APPICON_NAME = AppIcon;
				CODE_SIGN_STYLE = Automatic;
				DEVELOPMENT_TEAM = VH9RU7S6TL;
				INFOPLIST_FILE = PersonsListApp/Info.plist;
				LD_RUNPATH_SEARCH_PATHS = (
					"$(inherited)",
					"@executable_path/Frameworks",
				);
				PRODUCT_BUNDLE_IDENTIFIER = ProjectDemo.PersonsListApp;
				PRODUCT_NAME = "$(TARGET_NAME)";
				SWIFT_VERSION = 5.0;
				TARGETED_DEVICE_FAMILY = "1,2";
			};
			name = Release;
		};
/* End XCBuildConfiguration section */

/* Begin XCConfigurationList section */
		E796193424910968008B41D7 /* Build configuration list for PBXProject "PersonsListApp" */ = {
			isa = XCConfigurationList;
			buildConfigurations = (
				E796194B2491096B008B41D7 /* Debug */,
				E796194C2491096B008B41D7 /* Release */,
			);
			defaultConfigurationIsVisible = 0;
			defaultConfigurationName = Release;
		};
		E796194D2491096B008B41D7 /* Build configuration list for PBXNativeTarget "PersonsListApp" */ = {
			isa = XCConfigurationList;
			buildConfigurations = (
				E796194E2491096B008B41D7 /* Debug */,
				E796194F2491096B008B41D7 /* Release */,
			);
			defaultConfigurationIsVisible = 0;
			defaultConfigurationName = Release;
		};
/* End XCConfigurationList section */
	};
	rootObject = E796193124910968008B41D7 /* Project object */;
}
